{
  "name": "dist",
  "version": "1.0.0",
  "lockfileVersion": 1,
  "requires": true,
  "dependencies": {
    "litegraph.js": {
      "version": "0.7.10",
      "resolved": "https://registry.npmjs.org/litegraph.js/-/litegraph.js-0.7.10.tgz",
      "integrity": "sha512-jv6FiHOpHX75N62YS4hoDbPPicbR64XUuRcM6DE24S064zWvOKCtLbzPQdIoWoQ2JBKpFEeORxhY9dJoznfNwg=="
    }
  }
}
